<?xml version="1.0" encoding="utf-8"?>
<Project ToolsVersion="4.0" xmlns="http://schemas.microsoft.com/developer/msbuild/2003">
  <ItemGroup>
    <Filter Include="Source Files">
      <UniqueIdentifier>{4FC737F1-C7A5-4376-A066-2A32D752A2FF}</UniqueIdentifier>
      <Extensions>cpp;c;cc;cxx;def;odl;idl;hpj;bat;asm;asmx</Extensions>
    </Filter>
    <Filter Include="Header Files">
      <UniqueIdentifier>{93995380-89BD-4b04-88EB-625FBE52EBFB}</UniqueIdentifier>
      <Extensions>h;hpp;hxx;hm;inl;inc;xsd</Extensions>
    </Filter>
    <Filter Include="Resource Files">
      <UniqueIdentifier>{67DA6AB6-F800-4c08-8B7A-83BB121AAD01}</UniqueIdentifier>
      <Extensions>rc;ico;cur;bmp;dlg;rc2;rct;bin;rgs;gif;jpg;jpeg;jpe;resx;tiff;tif;png;wav;mfcribbon-ms</Extensions>
    </Filter>
  </ItemGroup>
  <ItemGroup>
    <ClInclude Include="..\..\gstreamer\gstreamermm\adder.h">
      <Filter>Header Files</Filter>
    </ClInclude>
    <ClInclude Include="..\..\gstreamer\gstreamermm\allocator.h">
      <Filter>Header Files</Filter>
    </ClInclude>
    <ClInclude Include="..\..\gstreamer\gstreamermm\alsasink.h">
      <Filter>Header Files</Filter>
    </ClInclude>
    <ClInclude Include="..\..\gstreamer\gstreamermm\alsasrc.h">
      <Filter>Header Files</Filter>
    </ClInclude>
    <ClInclude Include="..\..\gstreamer\gstreamermm\appsink.h">
      <Filter>Header Files</Filter>
    </ClInclude>
    <ClInclude Include="..\..\gstreamer\gstreamermm\appsrc.h">
      <Filter>Header Files</Filter>
    </ClInclude>
    <ClInclude Include="..\..\gstreamer\gstreamermm\atomicqueue.h">
      <Filter>Header Files</Filter>
    </ClInclude>
    <ClInclude Include="..\..\gstreamer\gstreamermm\audiobasesink.h">
      <Filter>Header Files</Filter>
    </ClInclude>
    <ClInclude Include="..\..\gstreamer\gstreamermm\audiobasesrc.h">
      <Filter>Header Files</Filter>
    </ClInclude>
    <ClInclude Include="..\..\gstreamer\gstreamermm\audiocdsrc.h">
      <Filter>Header Files</Filter>
    </ClInclude>
    <ClInclude Include="..\..\gstreamer\gstreamermm\audioclock.h">
      <Filter>Header Files</Filter>
    </ClInclude>
    <ClInclude Include="..\..\gstreamer\gstreamermm\audioconvert.h">
      <Filter>Header Files</Filter>
    </ClInclude>
    <ClInclude Include="..\..\gstreamer\gstreamermm\audiofilter.h">
      <Filter>Header Files</Filter>
    </ClInclude>
    <ClInclude Include="..\..\gstreamer\gstreamermm\audioformat.h">
      <Filter>Header Files</Filter>
    </ClInclude>
    <ClInclude Include="..\..\gstreamer\gstreamermm\audioinfo.h">
      <Filter>Header Files</Filter>
    </ClInclude>
    <ClInclude Include="..\..\gstreamer\gstreamermm\audiorate.h">
      <Filter>Header Files</Filter>
    </ClInclude>
    <ClInclude Include="..\..\gstreamer\gstreamermm\audioringbuffer.h">
      <Filter>Header Files</Filter>
    </ClInclude>
    <ClInclude Include="..\..\gstreamer\gstreamermm\audiosink.h">
      <Filter>Header Files</Filter>
    </ClInclude>
    <ClInclude Include="..\..\gstreamer\gstreamermm\audiosrc.h">
      <Filter>Header Files</Filter>
    </ClInclude>
    <ClInclude Include="..\..\gstreamer\gstreamermm\audiotestsrc.h">
      <Filter>Header Files</Filter>
    </ClInclude>
    <ClInclude Include="..\..\gstreamer\gstreamermm\basesink.h">
      <Filter>Header Files</Filter>
    </ClInclude>
    <ClInclude Include="..\..\gstreamer\gstreamermm\basesrc.h">
      <Filter>Header Files</Filter>
    </ClInclude>
    <ClInclude Include="..\..\gstreamer\gstreamermm\basetransform.h">
      <Filter>Header Files</Filter>
    </ClInclude>
    <ClInclude Include="..\..\gstreamer\gstreamermm\bin.h">
      <Filter>Header Files</Filter>
    </ClInclude>
    <ClInclude Include="..\..\gstreamer\gstreamermm\buffer.h">
      <Filter>Header Files</Filter>
    </ClInclude>
    <ClInclude Include="..\..\gstreamer\gstreamermm\bufferlist.h">
      <Filter>Header Files</Filter>
    </ClInclude>
    <ClInclude Include="..\..\gstreamer\gstreamermm\bus.h">
      <Filter>Header Files</Filter>
    </ClInclude>
    <ClInclude Include="..\..\gstreamer\gstreamermm\caps.h">
      <Filter>Header Files</Filter>
    </ClInclude>
    <ClInclude Include="..\..\gstreamer\gstreamermm\capsfeatures.h">
      <Filter>Header Files</Filter>
    </ClInclude>
    <ClInclude Include="..\..\gstreamer\gstreamermm\capsfilter.h">
      <Filter>Header Files</Filter>
    </ClInclude>
    <ClInclude Include="..\..\gstreamer\gstreamermm\cdparanoiasrc.h">
      <Filter>Header Files</Filter>
    </ClInclude>
    <ClInclude Include="..\..\gstreamer\gstreamermm\check.h">
      <Filter>Header Files</Filter>
    </ClInclude>
    <ClInclude Include="..\..\gstreamer\gstreamermm\childproxy.h">
      <Filter>Header Files</Filter>
    </ClInclude>
    <ClInclude Include="..\..\gstreamer\gstreamermm\clock.h">
      <Filter>Header Files</Filter>
    </ClInclude>
    <ClInclude Include="..\..\gstreamer\gstreamermm\clockoverlay.h">
      <Filter>Header Files</Filter>
    </ClInclude>
    <ClInclude Include="..\..\gstreamer\gstreamermm\clockutils.h">
      <Filter>Header Files</Filter>
    </ClInclude>
    <ClInclude Include="..\..\gstreamer\gstreamermm\colorbalance.h">
      <Filter>Header Files</Filter>
    </ClInclude>
    <ClInclude Include="..\..\gstreamer\gstreamermm\colorbalancechannel.h">
      <Filter>Header Files</Filter>
    </ClInclude>
    <ClInclude Include="..\..\gstreamer\gstreamermm\concat.h">
      <Filter>Header Files</Filter>
    </ClInclude>
    <ClInclude Include="..\..\gstreamer\gstreamermm\context.h">
      <Filter>Header Files</Filter>
    </ClInclude>
    <ClInclude Include="..\..\gstreamer\gstreamermm\decodebin.h">
      <Filter>Header Files</Filter>
    </ClInclude>
    <ClInclude Include="..\..\gstreamer\gstreamermm\discoverer.h">
      <Filter>Header Files</Filter>
    </ClInclude>
    <ClInclude Include="..\..\gstreamer\gstreamermm\discovererinfo.h">
      <Filter>Header Files</Filter>
    </ClInclude>
    <ClInclude Include="..\..\gstreamer\gstreamermm\downloadbuffer.h">
      <Filter>Header Files</Filter>
    </ClInclude>
    <ClInclude Include="..\..\gstreamer\gstreamermm\element.h">
      <Filter>Header Files</Filter>
    </ClInclude>
    <ClInclude Include="..\..\gstreamer\gstreamermm\elementfactory.h">
      <Filter>Header Files</Filter>
    </ClInclude>
    <ClInclude Include="..\..\gstreamer\gstreamermm\encodebin.h">
      <Filter>Header Files</Filter>
    </ClInclude>
    <ClInclude Include="..\..\gstreamer\gstreamermm\encodingprofile.h">
      <Filter>Header Files</Filter>
    </ClInclude>
    <ClInclude Include="..\..\gstreamer\gstreamermm\enums.h">
      <Filter>Header Files</Filter>
    </ClInclude>
    <ClInclude Include="..\..\gstreamer\gstreamermm\error.h">
      <Filter>Header Files</Filter>
    </ClInclude>
    <ClInclude Include="..\..\gstreamer\gstreamermm\event.h">
      <Filter>Header Files</Filter>
    </ClInclude>
    <ClInclude Include="..\..\gstreamer\gstreamermm\fakesink.h">
      <Filter>Header Files</Filter>
    </ClInclude>
    <ClInclude Include="..\..\gstreamer\gstreamermm\fakesrc.h">
      <Filter>Header Files</Filter>
    </ClInclude>
    <ClInclude Include="..\..\gstreamer\gstreamermm\fdsink.h">
      <Filter>Header Files</Filter>
    </ClInclude>
    <ClInclude Include="..\..\gstreamer\gstreamermm\fdsrc.h">
      <Filter>Header Files</Filter>
    </ClInclude>
    <ClInclude Include="..\..\gstreamer\gstreamermm\filesink.h">
      <Filter>Header Files</Filter>
    </ClInclude>
    <ClInclude Include="..\..\gstreamer\gstreamermm\filesrc.h">
      <Filter>Header Files</Filter>
    </ClInclude>
    <ClInclude Include="..\..\gstreamer\gstreamermm\format.h">
      <Filter>Header Files</Filter>
    </ClInclude>
    <ClInclude Include="..\..\gstreamer\gstreamermm\funnel.h">
      <Filter>Header Files</Filter>
    </ClInclude>
    <ClInclude Include="..\..\gstreamer\gstreamermm\ghostpad.h">
      <Filter>Header Files</Filter>
    </ClInclude>
    <ClInclude Include="..\..\gstreamer\gstreamermm\giosink.h">
      <Filter>Header Files</Filter>
    </ClInclude>
    <ClInclude Include="..\..\gstreamer\gstreamermm\giosrc.h">
      <Filter>Header Files</Filter>
    </ClInclude>
    <ClInclude Include="..\..\gstreamer\gstreamermm\giostreamsink.h">
      <Filter>Header Files</Filter>
    </ClInclude>
    <ClInclude Include="..\..\gstreamer\gstreamermm\giostreamsrc.h">
      <Filter>Header Files</Filter>
    </ClInclude>
    <ClInclude Include="..\..\gstreamer\gstreamermm\handle_error.h">
      <Filter>Header Files</Filter>
    </ClInclude>
    <ClInclude Include="..\..\gstreamer\gstreamermm\identity.h">
      <Filter>Header Files</Filter>
    </ClInclude>
    <ClInclude Include="..\..\gstreamer\gstreamermm\init.h">
      <Filter>Header Files</Filter>
    </ClInclude>
    <ClInclude Include="..\..\gstreamer\gstreamermm\inputselector.h">
      <Filter>Header Files</Filter>
    </ClInclude>
    <ClInclude Include="..\..\gstreamer\gstreamermm\iterator.h">
      <Filter>Header Files</Filter>
    </ClInclude>
    <ClInclude Include="..\..\gstreamer\gstreamermm\mapinfo.h">
      <Filter>Header Files</Filter>
    </ClInclude>
    <ClInclude Include="..\..\gstreamer\gstreamermm\memory.h">
      <Filter>Header Files</Filter>
    </ClInclude>
    <ClInclude Include="..\..\gstreamer\gstreamermm\message.h">
      <Filter>Header Files</Filter>
    </ClInclude>
    <ClInclude Include="..\..\gstreamer\gstreamermm\miniobject.h">
      <Filter>Header Files</Filter>
    </ClInclude>
    <ClInclude Include="..\..\gstreamer\gstreamermm\multifdsink.h">
      <Filter>Header Files</Filter>
    </ClInclude>
    <ClInclude Include="..\..\gstreamer\gstreamermm\multiqueue.h">
      <Filter>Header Files</Filter>
    </ClInclude>
    <ClInclude Include="..\..\gstreamer\gstreamermm\multisocketsink.h">
      <Filter>Header Files</Filter>
    </ClInclude>
    <ClInclude Include="..\..\gstreamer\gstreamermm\navigation.h">
      <Filter>Header Files</Filter>
    </ClInclude>
    <ClInclude Include="..\..\gstreamer\gstreamermm\object.h">
      <Filter>Header Files</Filter>
    </ClInclude>
    <ClInclude Include="..\..\gstreamer\gstreamermm\oggdemux.h">
      <Filter>Header Files</Filter>
    </ClInclude>
    <ClInclude Include="..\..\gstreamer\gstreamermm\oggmux.h">
      <Filter>Header Files</Filter>
    </ClInclude>
    <ClInclude Include="..\..\gstreamer\gstreamermm\outputselector.h">
      <Filter>Header Files</Filter>
    </ClInclude>
    <ClInclude Include="..\..\gstreamer\gstreamermm\pad.h">
      <Filter>Header Files</Filter>
    </ClInclude>
    <ClInclude Include="..\..\gstreamer\gstreamermm\padtemplate.h">
      <Filter>Header Files</Filter>
    </ClInclude>
    <ClInclude Include="..\..\gstreamer\gstreamermm\parse.h">
      <Filter>Header Files</Filter>
    </ClInclude>
    <ClInclude Include="..\..\gstreamer\gstreamermm\pipeline.h">
      <Filter>Header Files</Filter>
    </ClInclude>
    <ClInclude Include="..\..\gstreamer\gstreamermm\playbin.h">
      <Filter>Header Files</Filter>
    </ClInclude>
    <ClInclude Include="..\..\gstreamer\gstreamermm\playsink.h">
      <Filter>Header Files</Filter>
    </ClInclude>
    <ClInclude Include="..\..\gstreamer\gstreamermm\plugin.h">
      <Filter>Header Files</Filter>
    </ClInclude>
    <ClInclude Include="..\..\gstreamer\gstreamermm\pluginfeature.h">
      <Filter>Header Files</Filter>
    </ClInclude>
    <ClInclude Include="..\..\gstreamer\gstreamermm\preset.h">
      <Filter>Header Files</Filter>
    </ClInclude>
    <ClInclude Include="..\..\gstreamer\gstreamermm\pushsrc.h">
      <Filter>Header Files</Filter>
    </ClInclude>
    <ClInclude Include="..\..\gstreamer\gstreamermm\query.h">
      <Filter>Header Files</Filter>
    </ClInclude>
    <ClInclude Include="..\..\gstreamer\gstreamermm\queue.h">
      <Filter>Header Files</Filter>
    </ClInclude>
    <ClInclude Include="..\..\gstreamer\gstreamermm\queue2.h">
      <Filter>Header Files</Filter>
    </ClInclude>
    <ClInclude Include="..\..\gstreamer\gstreamermm\register.h">
      <Filter>Header Files</Filter>
    </ClInclude>
    <ClInclude Include="..\..\gstreamer\gstreamermm\registry.h">
      <Filter>Header Files</Filter>
    </ClInclude>
    <ClInclude Include="..\..\gstreamer\gstreamermm\sample.h">
      <Filter>Header Files</Filter>
    </ClInclude>
    <ClInclude Include="..\..\gstreamer\gstreamermm\segment.h">
      <Filter>Header Files</Filter>
    </ClInclude>
    <ClInclude Include="..\..\gstreamer\gstreamermm\socketsrc.h">
      <Filter>Header Files</Filter>
    </ClInclude>
    <ClInclude Include="..\..\gstreamer\gstreamermm\streamiddemux.h">
      <Filter>Header Files</Filter>
    </ClInclude>
    <ClInclude Include="..\..\gstreamer\gstreamermm\streamsynchronizer.h">
      <Filter>Header Files</Filter>
    </ClInclude>
    <ClInclude Include="..\..\gstreamer\gstreamermm\streamvolume.h">
      <Filter>Header Files</Filter>
    </ClInclude>
    <ClInclude Include="..\..\gstreamer\gstreamermm\structure.h">
      <Filter>Header Files</Filter>
    </ClInclude>
    <ClInclude Include="..\..\gstreamer\gstreamermm\subtitleoverlay.h">
      <Filter>Header Files</Filter>
    </ClInclude>
    <ClInclude Include="..\..\gstreamer\gstreamermm\systemclock.h">
      <Filter>Header Files</Filter>
    </ClInclude>
    <ClInclude Include="..\..\gstreamer\gstreamermm\taglist.h">
      <Filter>Header Files</Filter>
    </ClInclude>
    <ClInclude Include="..\..\gstreamer\gstreamermm\tagsetter.h">
      <Filter>Header Files</Filter>
    </ClInclude>
    <ClInclude Include="..\..\gstreamer\gstreamermm\task.h">
      <Filter>Header Files</Filter>
    </ClInclude>
    <ClInclude Include="..\..\gstreamer\gstreamermm\taskpool.h">
      <Filter>Header Files</Filter>
    </ClInclude>
    <ClInclude Include="..\..\gstreamer\gstreamermm\tcpclientsink.h">
      <Filter>Header Files</Filter>
    </ClInclude>
    <ClInclude Include="..\..\gstreamer\gstreamermm\tcpclientsrc.h">
      <Filter>Header Files</Filter>
    </ClInclude>
    <ClInclude Include="..\..\gstreamer\gstreamermm\tcpserversink.h">
      <Filter>Header Files</Filter>
    </ClInclude>
    <ClInclude Include="..\..\gstreamer\gstreamermm\tcpserversrc.h">
      <Filter>Header Files</Filter>
    </ClInclude>
    <ClInclude Include="..\..\gstreamer\gstreamermm\tee.h">
      <Filter>Header Files</Filter>
    </ClInclude>
    <ClInclude Include="..\..\gstreamer\gstreamermm\textoverlay.h">
      <Filter>Header Files</Filter>
    </ClInclude>
    <ClInclude Include="..\..\gstreamer\gstreamermm\textrender.h">
      <Filter>Header Files</Filter>
    </ClInclude>
    <ClInclude Include="..\..\gstreamer\gstreamermm\theoradec.h">
      <Filter>Header Files</Filter>
    </ClInclude>
    <ClInclude Include="..\..\gstreamer\gstreamermm\theoraenc.h">
      <Filter>Header Files</Filter>
    </ClInclude>
    <ClInclude Include="..\..\gstreamer\gstreamermm\theoraparse.h">
      <Filter>Header Files</Filter>
    </ClInclude>
    <ClInclude Include="..\..\gstreamer\gstreamermm\timeoverlay.h">
      <Filter>Header Files</Filter>
    </ClInclude>
    <ClInclude Include="..\..\gstreamer\gstreamermm\toc.h">
      <Filter>Header Files</Filter>
    </ClInclude>
    <ClInclude Include="..\..\gstreamer\gstreamermm\tocsetter.h">
      <Filter>Header Files</Filter>
    </ClInclude>
    <ClInclude Include="..\..\gstreamer\gstreamermm\typefind.h">
      <Filter>Header Files</Filter>
    </ClInclude>
    <ClInclude Include="..\..\gstreamer\gstreamermm\typefindelement.h">
      <Filter>Header Files</Filter>
    </ClInclude>
    <ClInclude Include="..\..\gstreamer\gstreamermm\typefindfactory.h">
      <Filter>Header Files</Filter>
    </ClInclude>
    <ClInclude Include="..\..\gstreamer\gstreamermm\uridecodebin.h">
      <Filter>Header Files</Filter>
    </ClInclude>
    <ClInclude Include="..\..\gstreamer\gstreamermm\urihandler.h">
      <Filter>Header Files</Filter>
    </ClInclude>
    <ClInclude Include="..\..\gstreamer\gstreamermm\value.h">
      <Filter>Header Files</Filter>
    </ClInclude>
    <ClInclude Include="..\..\gstreamer\gstreamermm\valuelist.h">
      <Filter>Header Files</Filter>
    </ClInclude>
    <ClInclude Include="..\..\gstreamer\gstreamermm\valve.h">
      <Filter>Header Files</Filter>
    </ClInclude>
    <ClInclude Include="..\..\gstreamer\gstreamermm\version.h">
      <Filter>Header Files</Filter>
    </ClInclude>
    <ClInclude Include="..\..\gstreamer\gstreamermm\videochroma.h">
      <Filter>Header Files</Filter>
    </ClInclude>
    <ClInclude Include="..\..\gstreamer\gstreamermm\videoconvert.h">
      <Filter>Header Files</Filter>
    </ClInclude>
    <ClInclude Include="..\..\gstreamer\gstreamermm\videoformat.h">
      <Filter>Header Files</Filter>
    </ClInclude>
    <ClInclude Include="..\..\gstreamer\gstreamermm\videoframe.h">
      <Filter>Header Files</Filter>
    </ClInclude>
    <ClInclude Include="..\..\gstreamer\gstreamermm\videoinfo.h">
      <Filter>Header Files</Filter>
    </ClInclude>
    <ClInclude Include="..\..\gstreamer\gstreamermm\videoorientation.h">
      <Filter>Header Files</Filter>
    </ClInclude>
    <ClInclude Include="..\..\gstreamer\gstreamermm\videooverlay.h">
      <Filter>Header Files</Filter>
    </ClInclude>
    <ClInclude Include="..\..\gstreamer\gstreamermm\videorate.h">
      <Filter>Header Files</Filter>
    </ClInclude>
    <ClInclude Include="..\..\gstreamer\gstreamermm\videoscale.h">
      <Filter>Header Files</Filter>
    </ClInclude>
    <ClInclude Include="..\..\gstreamer\gstreamermm\videosink.h">
      <Filter>Header Files</Filter>
    </ClInclude>
    <ClInclude Include="..\..\gstreamer\gstreamermm\videotestsrc.h">
      <Filter>Header Files</Filter>
    </ClInclude>
    <ClInclude Include="..\..\gstreamer\gstreamermm\volume.h">
      <Filter>Header Files</Filter>
    </ClInclude>
    <ClInclude Include="..\..\gstreamer\gstreamermm\vorbisdec.h">
      <Filter>Header Files</Filter>
    </ClInclude>
    <ClInclude Include="..\..\gstreamer\gstreamermm\vorbisenc.h">
      <Filter>Header Files</Filter>
    </ClInclude>
    <ClInclude Include="..\..\gstreamer\gstreamermm\vorbisparse.h">
      <Filter>Header Files</Filter>
    </ClInclude>
    <ClInclude Include="..\..\gstreamer\gstreamermm\vorbistag.h">
      <Filter>Header Files</Filter>
    </ClInclude>
    <ClInclude Include="..\..\gstreamer\gstreamermm\wrap_init.h">
      <Filter>Header Files</Filter>
    </ClInclude>
    <ClInclude Include="..\..\gstreamer\gstreamermm\ximagesink.h">
      <Filter>Header Files</Filter>
    </ClInclude>
    <ClInclude Include="..\..\gstreamer\gstreamermm\xvimagesink.h">
      <Filter>Header Files</Filter>
    </ClInclude>
  </ItemGroup>
  <ItemGroup>
    <ClCompile Include="..\..\gstreamer\gstreamermm\adder.cc">
      <Filter>Source Files</Filter>
    </ClCompile>
    <ClCompile Include="..\..\gstreamer\gstreamermm\allocator.cc">
      <Filter>Source Files</Filter>
    </ClCompile>
    <ClCompile Include="..\..\gstreamer\gstreamermm\alsasink.cc">
      <Filter>Source Files</Filter>
    </ClCompile>
    <ClCompile Include="..\..\gstreamer\gstreamermm\alsasrc.cc">
      <Filter>Source Files</Filter>
    </ClCompile>
    <ClCompile Include="..\..\gstreamer\gstreamermm\appsink.cc">
      <Filter>Source Files</Filter>
    </ClCompile>
    <ClCompile Include="..\..\gstreamer\gstreamermm\appsrc.cc">
      <Filter>Source Files</Filter>
    </ClCompile>
    <ClCompile Include="..\..\gstreamer\gstreamermm\audiobasesink.cc">
      <Filter>Source Files</Filter>
    </ClCompile>
    <ClCompile Include="..\..\gstreamer\gstreamermm\audiobasesrc.cc">
      <Filter>Source Files</Filter>
    </ClCompile>
    <ClCompile Include="..\..\gstreamer\gstreamermm\audiocdsrc.cc">
      <Filter>Source Files</Filter>
    </ClCompile>
    <ClCompile Include="..\..\gstreamer\gstreamermm\audioclock.cc">
      <Filter>Source Files</Filter>
    </ClCompile>
    <ClCompile Include="..\..\gstreamer\gstreamermm\audioconvert.cc">
      <Filter>Source Files</Filter>
    </ClCompile>
    <ClCompile Include="..\..\gstreamer\gstreamermm\audiofilter.cc">
      <Filter>Source Files</Filter>
    </ClCompile>
    <ClCompile Include="..\..\gstreamer\gstreamermm\audioformat.cc">
      <Filter>Source Files</Filter>
    </ClCompile>
    <ClCompile Include="..\..\gstreamer\gstreamermm\audioinfo.cc">
      <Filter>Source Files</Filter>
    </ClCompile>
    <ClCompile Include="..\..\gstreamer\gstreamermm\audiorate.cc">
      <Filter>Source Files</Filter>
    </ClCompile>
    <ClCompile Include="..\..\gstreamer\gstreamermm\audioringbuffer.cc">
      <Filter>Source Files</Filter>
    </ClCompile>
    <ClCompile Include="..\..\gstreamer\gstreamermm\audiosink.cc">
      <Filter>Source Files</Filter>
    </ClCompile>
    <ClCompile Include="..\..\gstreamer\gstreamermm\audiosrc.cc">
      <Filter>Source Files</Filter>
    </ClCompile>
    <ClCompile Include="..\..\gstreamer\gstreamermm\audiotestsrc.cc">
      <Filter>Source Files</Filter>
    </ClCompile>
    <ClCompile Include="..\..\gstreamer\gstreamermm\basesink.cc">
      <Filter>Source Files</Filter>
    </ClCompile>
    <ClCompile Include="..\..\gstreamer\gstreamermm\basesrc.cc">
      <Filter>Source Files</Filter>
    </ClCompile>
    <ClCompile Include="..\..\gstreamer\gstreamermm\basetransform.cc">
      <Filter>Source Files</Filter>
    </ClCompile>
    <ClCompile Include="..\..\gstreamer\gstreamermm\bin.cc">
      <Filter>Source Files</Filter>
    </ClCompile>
    <ClCompile Include="..\..\gstreamer\gstreamermm\buffer.cc">
      <Filter>Source Files</Filter>
    </ClCompile>
    <ClCompile Include="..\..\gstreamer\gstreamermm\bufferlist.cc">
      <Filter>Source Files</Filter>
    </ClCompile>
    <ClCompile Include="..\..\gstreamer\gstreamermm\bus.cc">
      <Filter>Source Files</Filter>
    </ClCompile>
    <ClCompile Include="..\..\gstreamer\gstreamermm\caps.cc">
      <Filter>Source Files</Filter>
    </ClCompile>
    <ClCompile Include="..\..\gstreamer\gstreamermm\capsfeatures.cc">
      <Filter>Source Files</Filter>
    </ClCompile>
    <ClCompile Include="..\..\gstreamer\gstreamermm\capsfilter.cc">
      <Filter>Source Files</Filter>
    </ClCompile>
    <ClCompile Include="..\..\gstreamer\gstreamermm\cdparanoiasrc.cc">
      <Filter>Source Files</Filter>
    </ClCompile>
    <ClCompile Include="..\..\gstreamer\gstreamermm\check.cc">
      <Filter>Source Files</Filter>
    </ClCompile>
    <ClCompile Include="..\..\gstreamer\gstreamermm\childproxy.cc">
      <Filter>Source Files</Filter>
    </ClCompile>
    <ClCompile Include="..\..\gstreamer\gstreamermm\clock.cc">
      <Filter>Source Files</Filter>
    </ClCompile>
    <ClCompile Include="..\..\gstreamer\gstreamermm\clockoverlay.cc">
      <Filter>Source Files</Filter>
    </ClCompile>
    <ClCompile Include="..\..\gstreamer\gstreamermm\clockutils.cc">
      <Filter>Source Files</Filter>
    </ClCompile>
    <ClCompile Include="..\..\gstreamer\gstreamermm\colorbalance.cc">
      <Filter>Source Files</Filter>
    </ClCompile>
    <ClCompile Include="..\..\gstreamer\gstreamermm\colorbalancechannel.cc">
      <Filter>Source Files</Filter>
    </ClCompile>
    <ClCompile Include="..\..\gstreamer\gstreamermm\concat.cc">
      <Filter>Source Files</Filter>
    </ClCompile>
    <ClCompile Include="..\..\gstreamer\gstreamermm\context.cc">
      <Filter>Source Files</Filter>
    </ClCompile>
    <ClCompile Include="..\..\gstreamer\gstreamermm\decodebin.cc">
      <Filter>Source Files</Filter>
    </ClCompile>
    <ClCompile Include="..\..\gstreamer\gstreamermm\discoverer.cc">
      <Filter>Source Files</Filter>
    </ClCompile>
    <ClCompile Include="..\..\gstreamer\gstreamermm\discovererinfo.cc">
      <Filter>Source Files</Filter>
    </ClCompile>
    <ClCompile Include="..\..\gstreamer\gstreamermm\downloadbuffer.cc">
      <Filter>Source Files</Filter>
    </ClCompile>
    <ClCompile Include="..\..\gstreamer\gstreamermm\element.cc">
      <Filter>Source Files</Filter>
    </ClCompile>
    <ClCompile Include="..\..\gstreamer\gstreamermm\elementfactory.cc">
      <Filter>Source Files</Filter>
    </ClCompile>
    <ClCompile Include="..\..\gstreamer\gstreamermm\encodebin.cc">
      <Filter>Source Files</Filter>
    </ClCompile>
    <ClCompile Include="..\..\gstreamer\gstreamermm\encodingprofile.cc">
      <Filter>Source Files</Filter>
    </ClCompile>
    <ClCompile Include="..\..\gstreamer\gstreamermm\enums.cc">
      <Filter>Source Files</Filter>
    </ClCompile>
    <ClCompile Include="..\..\gstreamer\gstreamermm\error.cc">
      <Filter>Source Files</Filter>
    </ClCompile>
    <ClCompile Include="..\..\gstreamer\gstreamermm\event.cc">
      <Filter>Source Files</Filter>
    </ClCompile>
    <ClCompile Include="..\..\gstreamer\gstreamermm\fakesink.cc">
      <Filter>Source Files</Filter>
    </ClCompile>
    <ClCompile Include="..\..\gstreamer\gstreamermm\fakesrc.cc">
      <Filter>Source Files</Filter>
    </ClCompile>
    <ClCompile Include="..\..\gstreamer\gstreamermm\fdsink.cc">
      <Filter>Source Files</Filter>
    </ClCompile>
    <ClCompile Include="..\..\gstreamer\gstreamermm\fdsrc.cc">
      <Filter>Source Files</Filter>
    </ClCompile>
    <ClCompile Include="..\..\gstreamer\gstreamermm\filesink.cc">
      <Filter>Source Files</Filter>
    </ClCompile>
    <ClCompile Include="..\..\gstreamer\gstreamermm\filesrc.cc">
      <Filter>Source Files</Filter>
    </ClCompile>
    <ClCompile Include="..\..\gstreamer\gstreamermm\format.cc">
      <Filter>Source Files</Filter>
    </ClCompile>
    <ClCompile Include="..\..\gstreamer\gstreamermm\funnel.cc">
      <Filter>Source Files</Filter>
    </ClCompile>
    <ClCompile Include="..\..\gstreamer\gstreamermm\ghostpad.cc">
      <Filter>Source Files</Filter>
    </ClCompile>
    <ClCompile Include="..\..\gstreamer\gstreamermm\giosink.cc">
      <Filter>Source Files</Filter>
    </ClCompile>
    <ClCompile Include="..\..\gstreamer\gstreamermm\giosrc.cc">
      <Filter>Source Files</Filter>
    </ClCompile>
    <ClCompile Include="..\..\gstreamer\gstreamermm\giostreamsink.cc">
      <Filter>Source Files</Filter>
    </ClCompile>
    <ClCompile Include="..\..\gstreamer\gstreamermm\giostreamsrc.cc">
      <Filter>Source Files</Filter>
    </ClCompile>
    <ClCompile Include="..\..\gstreamer\gstreamermm\handle_error.cc">
      <Filter>Source Files</Filter>
    </ClCompile>
    <ClCompile Include="..\..\gstreamer\gstreamermm\identity.cc">
      <Filter>Source Files</Filter>
    </ClCompile>
    <ClCompile Include="..\..\gstreamer\gstreamermm\init.cc">
      <Filter>Source Files</Filter>
    </ClCompile>
    <ClCompile Include="..\..\gstreamer\gstreamermm\inputselector.cc">
      <Filter>Source Files</Filter>
    </ClCompile>
    <ClCompile Include="..\..\gstreamer\gstreamermm\iterator.cc">
      <Filter>Source Files</Filter>
    </ClCompile>
    <ClCompile Include="..\..\gstreamer\gstreamermm\mapinfo.cc">
      <Filter>Source Files</Filter>
    </ClCompile>
    <ClCompile Include="..\..\gstreamer\gstreamermm\memory.cc">
      <Filter>Source Files</Filter>
    </ClCompile>
    <ClCompile Include="..\..\gstreamer\gstreamermm\message.cc">
      <Filter>Source Files</Filter>
    </ClCompile>
    <ClCompile Include="..\..\gstreamer\gstreamermm\miniobject.cc">
      <Filter>Source Files</Filter>
    </ClCompile>
    <ClCompile Include="..\..\gstreamer\gstreamermm\multifdsink.cc">
      <Filter>Source Files</Filter>
    </ClCompile>
    <ClCompile Include="..\..\gstreamer\gstreamermm\multiqueue.cc">
      <Filter>Source Files</Filter>
    </ClCompile>
    <ClCompile Include="..\..\gstreamer\gstreamermm\multisocketsink.cc">
      <Filter>Source Files</Filter>
    </ClCompile>
    <ClCompile Include="..\..\gstreamer\gstreamermm\navigation.cc">
      <Filter>Source Files</Filter>
    </ClCompile>
    <ClCompile Include="..\..\gstreamer\gstreamermm\object.cc">
      <Filter>Source Files</Filter>
    </ClCompile>
    <ClCompile Include="..\..\gstreamer\gstreamermm\oggdemux.cc">
      <Filter>Source Files</Filter>
    </ClCompile>
    <ClCompile Include="..\..\gstreamer\gstreamermm\oggmux.cc">
      <Filter>Source Files</Filter>
    </ClCompile>
    <ClCompile Include="..\..\gstreamer\gstreamermm\outputselector.cc">
      <Filter>Source Files</Filter>
    </ClCompile>
    <ClCompile Include="..\..\gstreamer\gstreamermm\pad.cc">
      <Filter>Source Files</Filter>
    </ClCompile>
    <ClCompile Include="..\..\gstreamer\gstreamermm\padtemplate.cc">
      <Filter>Source Files</Filter>
    </ClCompile>
    <ClCompile Include="..\..\gstreamer\gstreamermm\parse.cc">
      <Filter>Source Files</Filter>
    </ClCompile>
    <ClCompile Include="..\..\gstreamer\gstreamermm\pipeline.cc">
      <Filter>Source Files</Filter>
    </ClCompile>
    <ClCompile Include="..\..\gstreamer\gstreamermm\playbin.cc">
      <Filter>Source Files</Filter>
    </ClCompile>
    <ClCompile Include="..\..\gstreamer\gstreamermm\playsink.cc">
      <Filter>Source Files</Filter>
    </ClCompile>
    <ClCompile Include="..\..\gstreamer\gstreamermm\plugin.cc">
      <Filter>Source Files</Filter>
    </ClCompile>
    <ClCompile Include="..\..\gstreamer\gstreamermm\pluginfeature.cc">
      <Filter>Source Files</Filter>
    </ClCompile>
    <ClCompile Include="..\..\gstreamer\gstreamermm\preset.cc">
      <Filter>Source Files</Filter>
    </ClCompile>
    <ClCompile Include="..\..\gstreamer\gstreamermm\pushsrc.cc">
      <Filter>Source Files</Filter>
    </ClCompile>
    <ClCompile Include="..\..\gstreamer\gstreamermm\query.cc">
      <Filter>Source Files</Filter>
    </ClCompile>
    <ClCompile Include="..\..\gstreamer\gstreamermm\queue.cc">
      <Filter>Source Files</Filter>
    </ClCompile>
    <ClCompile Include="..\..\gstreamer\gstreamermm\queue2.cc">
      <Filter>Source Files</Filter>
    </ClCompile>
    <ClCompile Include="..\..\gstreamer\gstreamermm\registry.cc">
      <Filter>Source Files</Filter>
    </ClCompile>
    <ClCompile Include="..\..\gstreamer\gstreamermm\sample.cc">
      <Filter>Source Files</Filter>
    </ClCompile>
    <ClCompile Include="..\..\gstreamer\gstreamermm\segment.cc">
      <Filter>Source Files</Filter>
    </ClCompile>
    <ClCompile Include="..\..\gstreamer\gstreamermm\socketsrc.cc">
      <Filter>Source Files</Filter>
    </ClCompile>
    <ClCompile Include="..\..\gstreamer\gstreamermm\streamiddemux.cc">
      <Filter>Source Files</Filter>
    </ClCompile>
    <ClCompile Include="..\..\gstreamer\gstreamermm\streamsynchronizer.cc">
      <Filter>Source Files</Filter>
    </ClCompile>
    <ClCompile Include="..\..\gstreamer\gstreamermm\streamvolume.cc">
      <Filter>Source Files</Filter>
    </ClCompile>
    <ClCompile Include="..\..\gstreamer\gstreamermm\structure.cc">
      <Filter>Source Files</Filter>
    </ClCompile>
    <ClCompile Include="..\..\gstreamer\gstreamermm\subtitleoverlay.cc">
      <Filter>Source Files</Filter>
    </ClCompile>
    <ClCompile Include="..\..\gstreamer\gstreamermm\systemclock.cc">
      <Filter>Source Files</Filter>
    </ClCompile>
    <ClCompile Include="..\..\gstreamer\gstreamermm\taglist.cc">
      <Filter>Source Files</Filter>
    </ClCompile>
    <ClCompile Include="..\..\gstreamer\gstreamermm\tagsetter.cc">
      <Filter>Source Files</Filter>
    </ClCompile>
    <ClCompile Include="..\..\gstreamer\gstreamermm\task.cc">
      <Filter>Source Files</Filter>
    </ClCompile>
    <ClCompile Include="..\..\gstreamer\gstreamermm\taskpool.cc">
      <Filter>Source Files</Filter>
    </ClCompile>
    <ClCompile Include="..\..\gstreamer\gstreamermm\tcpclientsink.cc">
      <Filter>Source Files</Filter>
    </ClCompile>
    <ClCompile Include="..\..\gstreamer\gstreamermm\tcpclientsrc.cc">
      <Filter>Source Files</Filter>
    </ClCompile>
    <ClCompile Include="..\..\gstreamer\gstreamermm\tcpserversink.cc">
      <Filter>Source Files</Filter>
    </ClCompile>
    <ClCompile Include="..\..\gstreamer\gstreamermm\tcpserversrc.cc">
      <Filter>Source Files</Filter>
    </ClCompile>
    <ClCompile Include="..\..\gstreamer\gstreamermm\tee.cc">
      <Filter>Source Files</Filter>
    </ClCompile>
    <ClCompile Include="..\..\gstreamer\gstreamermm\textoverlay.cc">
      <Filter>Source Files</Filter>
    </ClCompile>
    <ClCompile Include="..\..\gstreamer\gstreamermm\textrender.cc">
      <Filter>Source Files</Filter>
    </ClCompile>
    <ClCompile Include="..\..\gstreamer\gstreamermm\theoradec.cc">
      <Filter>Source Files</Filter>
    </ClCompile>
    <ClCompile Include="..\..\gstreamer\gstreamermm\theoraenc.cc">
      <Filter>Source Files</Filter>
    </ClCompile>
    <ClCompile Include="..\..\gstreamer\gstreamermm\theoraparse.cc">
      <Filter>Source Files</Filter>
    </ClCompile>
    <ClCompile Include="..\..\gstreamer\gstreamermm\timeoverlay.cc">
      <Filter>Source Files</Filter>
    </ClCompile>
    <ClCompile Include="..\..\gstreamer\gstreamermm\toc.cc">
      <Filter>Source Files</Filter>
    </ClCompile>
    <ClCompile Include="..\..\gstreamer\gstreamermm\tocsetter.cc">
      <Filter>Source Files</Filter>
    </ClCompile>
    <ClCompile Include="..\..\gstreamer\gstreamermm\typefind.cc">
      <Filter>Source Files</Filter>
    </ClCompile>
    <ClCompile Include="..\..\gstreamer\gstreamermm\typefindelement.cc">
      <Filter>Source Files</Filter>
    </ClCompile>
    <ClCompile Include="..\..\gstreamer\gstreamermm\typefindfactory.cc">
      <Filter>Source Files</Filter>
    </ClCompile>
    <ClCompile Include="..\..\gstreamer\gstreamermm\uridecodebin.cc">
      <Filter>Source Files</Filter>
    </ClCompile>
    <ClCompile Include="..\..\gstreamer\gstreamermm\urihandler.cc">
      <Filter>Source Files</Filter>
    </ClCompile>
    <ClCompile Include="..\..\gstreamer\gstreamermm\value.cc">
      <Filter>Source Files</Filter>
    </ClCompile>
    <ClCompile Include="..\..\gstreamer\gstreamermm\valuelist.cc">
      <Filter>Source Files</Filter>
    </ClCompile>
    <ClCompile Include="..\..\gstreamer\gstreamermm\valve.cc">
      <Filter>Source Files</Filter>
    </ClCompile>
    <ClCompile Include="..\..\gstreamer\gstreamermm\version.cc">
      <Filter>Source Files</Filter>
    </ClCompile>
    <ClCompile Include="..\..\gstreamer\gstreamermm\videochroma.cc">
      <Filter>Source Files</Filter>
    </ClCompile>
    <ClCompile Include="..\..\gstreamer\gstreamermm\videoconvert.cc">
      <Filter>Source Files</Filter>
    </ClCompile>
    <ClCompile Include="..\..\gstreamer\gstreamermm\videoformat.cc">
      <Filter>Source Files</Filter>
    </ClCompile>
    <ClCompile Include="..\..\gstreamer\gstreamermm\videoframe.cc">
      <Filter>Source Files</Filter>
    </ClCompile>
    <ClCompile Include="..\..\gstreamer\gstreamermm\videoinfo.cc">
      <Filter>Source Files</Filter>
    </ClCompile>
    <ClCompile Include="..\..\gstreamer\gstreamermm\videoorientation.cc">
      <Filter>Source Files</Filter>
    </ClCompile>
    <ClCompile Include="..\..\gstreamer\gstreamermm\videooverlay.cc">
      <Filter>Source Files</Filter>
    </ClCompile>
    <ClCompile Include="..\..\gstreamer\gstreamermm\videorate.cc">
      <Filter>Source Files</Filter>
    </ClCompile>
    <ClCompile Include="..\..\gstreamer\gstreamermm\videoscale.cc">
      <Filter>Source Files</Filter>
    </ClCompile>
    <ClCompile Include="..\..\gstreamer\gstreamermm\videosink.cc">
      <Filter>Source Files</Filter>
    </ClCompile>
    <ClCompile Include="..\..\gstreamer\gstreamermm\videotestsrc.cc">
      <Filter>Source Files</Filter>
    </ClCompile>
    <ClCompile Include="..\..\gstreamer\gstreamermm\volume.cc">
      <Filter>Source Files</Filter>
    </ClCompile>
    <ClCompile Include="..\..\gstreamer\gstreamermm\vorbisdec.cc">
      <Filter>Source Files</Filter>
    </ClCompile>
    <ClCompile Include="..\..\gstreamer\gstreamermm\vorbisenc.cc">
      <Filter>Source Files</Filter>
    </ClCompile>
    <ClCompile Include="..\..\gstreamer\gstreamermm\vorbisparse.cc">
      <Filter>Source Files</Filter>
    </ClCompile>
    <ClCompile Include="..\..\gstreamer\gstreamermm\vorbistag.cc">
      <Filter>Source Files</Filter>
    </ClCompile>
    <ClCompile Include="..\..\gstreamer\gstreamermm\wrap_init.cc">
      <Filter>Source Files</Filter>
    </ClCompile>
    <ClCompile Include="..\..\gstreamer\gstreamermm\ximagesink.cc">
      <Filter>Source Files</Filter>
    </ClCompile>
    <ClCompile Include="..\..\gstreamer\gstreamermm\xvimagesink.cc">
      <Filter>Source Files</Filter>
    </ClCompile>
  </ItemGroup>
  <ItemGroup>
    <ResourceCompile Include="gstreamermm.rc">
      <Filter>Resource Files</Filter>
    </ResourceCompile>
  </ItemGroup>
</Project>
